
Microsoft Visual Studio Solution File, Format Version 12.00
# Visual Studio Version 17
VisualStudioVersion = 17.7.34221.43
MinimumVisualStudioVersion = 10.0.40219.1
Project("{9A19103F-16F7-4668-BE54-9A1E7A4F7556}") = "OnlineStoreApp-1", "OnlineStoreApp-1\OnlineStoreApp-1.csproj", "{C42B113A-4F99-447A-98F9-F9CC87D6DACD}"
EndProject
Project("{FAE04EC0-301F-11D3-BF4B-00C04F79EFBC}") = "OnlineStoreApp-2", "OnlineStoreApp-2\OnlineStoreApp-2.csproj", "{74AB19C8-5722-4560-8CAC-25B56FADBA69}"
EndProject
Global
	GlobalSection(SolutionConfigurationPlatforms) = preSolution
		Debug|Any CPU = Debug|Any CPU
		Release|Any CPU = Release|Any CPU
	EndGlobalSection
	GlobalSection(ProjectConfigurationPlatforms) = postSolution
		{C42B113A-4F99-447A-98F9-F9CC87D6DACD}.Debug|Any CPU.ActiveCfg = Debug|Any CPU
		{C42B113A-4F99-447A-98F9-F9CC87D6DACD}.Debug|Any CPU.Build.0 = Debug|Any CPU
		{C42B113A-4F99-447A-98F9-F9CC87D6DACD}.Release|Any CPU.ActiveCfg = Release|Any CPU
		{C42B113A-4F99-447A-98F9-F9CC87D6DACD}.Release|Any CPU.Build.0 = Release|Any CPU
		{74AB19C8-5722-4560-8CAC-25B56FADBA69}.Debug|Any CPU.ActiveCfg = Debug|Any CPU
		{74AB19C8-5722-4560-8CAC-25B56FADBA69}.Debug|Any CPU.Build.0 = Debug|Any CPU
		{74AB19C8-5722-4560-8CAC-25B56FADBA69}.Release|Any CPU.ActiveCfg = Release|Any CPU
		{74AB19C8-5722-4560-8CAC-25B56FADBA69}.Release|Any CPU.Build.0 = Release|Any CPU
	EndGlobalSection
	GlobalSection(SolutionProperties) = preSolution
		HideSolutionNode = FALSE
	EndGlobalSection
	GlobalSection(ExtensibilityGlobals) = postSolution
		SolutionGuid = {063FA21F-9AE1-4BAF-9568-01FC89734B9F}
	EndGlobalSection
EndGlobal
